
Microsoft Visual Studio Solution File, Format Version 12.00
# Visual Studio Version 17
VisualStudioVersion = 17.8.34330.188
MinimumVisualStudioVersion = 10.0.40219.1
Project("{FAE04EC0-301F-11D3-BF4B-00C04F79EFBC}") = "GenericRepositoryPattern", "GenericRepositoryPattern\GenericRepositoryPattern.csproj", "{91F44A38-762B-4554-ACE8-8C7E86CC0ACC}"
EndProject
Global
	GlobalSection(SolutionConfigurationPlatforms) = preSolution
		Debug|Any CPU = Debug|Any CPU
		Release|Any CPU = Release|Any CPU
	EndGlobalSection
	GlobalSection(ProjectConfigurationPlatforms) = postSolution
		{91F44A38-762B-4554-ACE8-8C7E86CC0ACC}.Debug|Any CPU.ActiveCfg = Debug|Any CPU
		{91F44A38-762B-4554-ACE8-8C7E86CC0ACC}.Debug|Any CPU.Build.0 = Debug|Any CPU
		{91F44A38-762B-4554-ACE8-8C7E86CC0ACC}.Release|Any CPU.ActiveCfg = Release|Any CPU
		{91F44A38-762B-4554-ACE8-8C7E86CC0ACC}.Release|Any CPU.Build.0 = Release|Any CPU
	EndGlobalSection
	GlobalSection(SolutionProperties) = preSolution
		HideSolutionNode = FALSE
	EndGlobalSection
	GlobalSection(ExtensibilityGlobals) = postSolution
		SolutionGuid = {FEC9802D-367A-44DC-B2F2-98F1EF2C2106}
	EndGlobalSection
EndGlobal
